{
  "version": 4,
  "terraform_version": "1.6.6",
  "serial": 4,
  "lineage": "c13d63c6-7fe0-ec11-304f-a2890243aa0b",
  "outputs": {},
  "resources": [
    {
      "mode": "managed",
      "type": "local_file",
      "name": "file2",
      "provider": "provider[\"registry.terraform.io/hashicorp/local\"]",
      "instances": [
        {
          "schema_version": 0,
          "attributes": {
            "content": "450",
            "content_base64": null,
            "content_base64sha256": "gxURV8ENha98hGV8ccPjYD2VUWDwUm/OZySB2oOi4JA=",
            "content_base64sha512": "H+PNd86YlKUjO+KBZZEzrY1YuVNrmGOF9r04+nD/EU1w1j9OQ6tJdtSjZf9xgV61JU/ZIEvdppLBpcVb/irBpQ==",
            "content_md5": "f5f8590cd58a54e94377e6ae2eded4d9",
            "content_sha1": "d96adb142a1f7ede4d5906eadf01409dbd98b60d",
            "content_sha256": "83151157c10d85af7c84657c71c3e3603d955160f0526fce672481da83a2e090",
            "content_sha512": "1fe3cd77ce9894a5233be281659133ad8d58b9536b986385f6bd38fa70ff114d70d63f4e43ab4976d4a365ff71815eb5254fd9204bdda692c1a5c55bfe2ac1a5",
            "directory_permission": "0777",
            "file_permission": "0777",
            "filename": "./file2.bar",
            "id": "d96adb142a1f7ede4d5906eadf01409dbd98b60d",
            "sensitive_content": null,
            "source": null
          },
          "sensitive_attributes": []
        }
      ]
    }
  ],
  "check_results": null
}
