{
  "version": 4,
  "terraform_version": "1.6.6",
  "serial": 7,
  "lineage": "c13d63c6-7fe0-ec11-304f-a2890243aa0b",
  "outputs": {},
  "resources": [
    {
      "mode": "managed",
      "type": "local_file",
      "name": "file2",
      "provider": "provider[\"registry.terraform.io/hashicorp/local\"]",
      "instances": [
        {
          "schema_version": 0,
          "attributes": {
            "content": "dummy",
            "content_base64": null,
            "content_base64sha256": "taLJYlBhI2bqJy/6xtl0Sq9LRarNlqp8/Lkx7jtVglk=",
            "content_base64sha512": "FpJSaquERhqK68793LorM/tYl6sYDFPos0WuElSE0KqjW69gSHBQviHtiQmkjqzpOFG/E5CHzh96h9l7YSCmUQ==",
            "content_md5": "275876e34cf609db118f3d84b799a790",
            "content_sha1": "829c3804401b0727f70f73d4415e162400cbe57b",
            "content_sha256": "b5a2c96250612366ea272ffac6d9744aaf4b45aacd96aa7cfcb931ee3b558259",
            "content_sha512": "1692526aab84461a8aebcefddcba2b33fb5897ab180c53e8b345ae125484d0aaa35baf60487050be21ed8909a48eace93851bf139087ce1f7a87d97b6120a651",
            "directory_permission": "0777",
            "file_permission": "0777",
            "filename": "./file2.bar",
            "id": "829c3804401b0727f70f73d4415e162400cbe57b",
            "sensitive_content": null,
            "source": null
          },
          "sensitive_attributes": []
        }
      ]
    }
  ],
  "check_results": null
}
