{
  "version": 4,
  "terraform_version": "1.6.6",
  "serial": 1,
  "lineage": "9758b673-92aa-24c0-2c12-c3b937be6308",
  "outputs": {},
  "resources": [
    {
      "mode": "managed",
      "type": "local_file",
      "name": "file3",
      "provider": "provider[\"registry.terraform.io/hashicorp/local\"]",
      "instances": [
        {
          "schema_version": 0,
          "attributes": {
            "content": "['hello','world','hey']",
            "content_base64": null,
            "content_base64sha256": "V+XOQzzh1t6AwWjmf0/N+Nk/uAZ/nIr1ijtKdw5F3bk=",
            "content_base64sha512": "5c2X4WSoo0jjYDo14Z5M9Sou5zgjDuZjcAk9BlAOFcYj427CfcmbmV8bEHJucoUoR8j1yOoMOAcNpXMiK2TLaQ==",
            "content_md5": "2431e1a35f0d42d62f4f148f85ff3234",
            "content_sha1": "b22e93523ce03538c9bd30b87e1e00ca148162b5",
            "content_sha256": "57e5ce433ce1d6de80c168e67f4fcdf8d93fb8067f9c8af58a3b4a770e45ddb9",
            "content_sha512": "e5cd97e164a8a348e3603a35e19e4cf52a2ee738230ee66370093d06500e15c623e36ec27dc99b995f1b10726e72852847c8f5c8ea0c38070da573222b64cb69",
            "directory_permission": "0777",
            "file_permission": "0777",
            "filename": "./file3.bar",
            "id": "b22e93523ce03538c9bd30b87e1e00ca148162b5",
            "sensitive_content": null,
            "source": null
          },
          "sensitive_attributes": []
        }
      ]
    }
  ],
  "check_results": null
}
