{
  "version": 4,
  "terraform_version": "1.6.6",
  "serial": 4,
  "lineage": "9758b673-92aa-24c0-2c12-c3b937be6308",
  "outputs": {},
  "resources": [
    {
      "mode": "managed",
      "type": "local_file",
      "name": "file3",
      "provider": "provider[\"registry.terraform.io/hashicorp/local\"]",
      "instances": [
        {
          "schema_version": 0,
          "attributes": {
            "content": "hey",
            "content_base64": null,
            "content_base64sha256": "+mkLggYe39KFJimuuoqJd7V+QPy3fRp6KLJsumJZEgQ=",
            "content_base64sha512": "BgHRCdDSsPqcRIS0pclO5ezGLM7DvX2Z6XLRiZTQ4uQvbQ/PxBIWpaty7nr5bSE+HDFKvd5A9Scx/yTCv49zIw==",
            "content_md5": "6057f13c496ecf7fd777ceb9e79ae285",
            "content_sha1": "7f550a9f4c44173a37664d938f1355f0f92a47a7",
            "content_sha256": "fa690b82061edfd2852629aeba8a8977b57e40fcb77d1a7a28b26cba62591204",
            "content_sha512": "0601d109d0d2b0fa9c4484b4a5c94ee5ecc62ccec3bd7d99e972d18994d0e2e42f6d0fcfc41216a5ab72ee7af96d213e1c314abdde40f52731ff24c2bf8f7323",
            "directory_permission": "0777",
            "file_permission": "0777",
            "filename": "./file3.bar",
            "id": "7f550a9f4c44173a37664d938f1355f0f92a47a7",
            "sensitive_content": null,
            "source": null
          },
          "sensitive_attributes": []
        }
      ]
    }
  ],
  "check_results": null
}
