{
  "version": 4,
  "terraform_version": "1.6.6",
  "serial": 31,
  "lineage": "8f0229ff-4c5d-2faa-2de3-90726f019fab",
  "outputs": {
    "output_id": {
      "value": "xudAoRENu8o",
      "type": "string"
    },
    "output_password": {
      "value": {
        "bcrypt_hash": "$2a$10$FbnetTuTX1GXtPD5SkoryOe7PT4k1XuL4N7lrQEp2wcP7cfqQvxF2",
        "id": "none",
        "keepers": null,
        "length": 16,
        "lower": true,
        "min_lower": 0,
        "min_numeric": 0,
        "min_special": 0,
        "min_upper": 0,
        "number": true,
        "numeric": true,
        "override_special": "!#$%\u0026*()-_=+[]{}\u003c\u003e:?",
        "result": "iDd?gCUQh82sY6_B",
        "special": true,
        "upper": true
      },
      "type": [
        "object",
        {
          "bcrypt_hash": "string",
          "id": "string",
          "keepers": [
            "map",
            "string"
          ],
          "length": "number",
          "lower": "bool",
          "min_lower": "number",
          "min_numeric": "number",
          "min_special": "number",
          "min_upper": "number",
          "number": "bool",
          "numeric": "bool",
          "override_special": "string",
          "result": "string",
          "special": "bool",
          "upper": "bool"
        }
      ],
      "sensitive": true
    }
  },
  "resources": [
    {
      "mode": "managed",
      "type": "local_file",
      "name": "file1",
      "provider": "provider[\"registry.terraform.io/hashicorp/local\"]",
      "instances": [
        {
          "schema_version": 0,
          "attributes": {
            "content": "garg",
            "content_base64": null,
            "content_base64sha256": "EgnbqrtJ8bBZxurMw2z7VtgJVldQlAv5ttBqorJqVs0=",
            "content_base64sha512": "RNEu9zbQSTIw2BSNwJo9xrOtJgq2aUaKIn2Kn7t1zDeiQ3Guq+oBuj0jJUIoIQICvZhQGyHRguOAjvIaup6dag==",
            "content_md5": "6afe0fe1ff8212fef7b6e63b9ba3cefb",
            "content_sha1": "669a2ec8dbfce7435b1809d924a9a9c9beca3fe0",
            "content_sha256": "1209dbaabb49f1b059c6eaccc36cfb56d809565750940bf9b6d06aa2b26a56cd",
            "content_sha512": "44d12ef736d0493230d8148dc09a3dc6b3ad260ab669468a227d8a9fbb75cc37a24371aeabea01ba3d23254228210202bd98501b21d182e3808ef21aba9e9d6a",
            "directory_permission": "0777",
            "file_permission": "0777",
            "filename": "./file1.bar",
            "id": "669a2ec8dbfce7435b1809d924a9a9c9beca3fe0",
            "sensitive_content": null,
            "source": null
          },
          "sensitive_attributes": []
        }
      ]
    },
    {
      "mode": "managed",
      "type": "random_id",
      "name": "server",
      "provider": "provider[\"registry.terraform.io/hashicorp/random\"]",
      "instances": [
        {
          "schema_version": 0,
          "attributes": {
            "b64_std": "xudAoRENu8o=",
            "b64_url": "xudAoRENu8o",
            "byte_length": 8,
            "dec": "14332495399649917898",
            "hex": "c6e740a1110dbbca",
            "id": "xudAoRENu8o",
            "keepers": {
              "rndm_id": "60"
            },
            "prefix": null
          },
          "sensitive_attributes": []
        }
      ]
    },
    {
      "mode": "managed",
      "type": "random_integer",
      "name": "priority",
      "provider": "provider[\"registry.terraform.io/hashicorp/random\"]",
      "instances": [
        {
          "schema_version": 0,
          "attributes": {
            "id": "67472",
            "keepers": {
              "rndm_int": "65"
            },
            "max": 100000,
            "min": 1,
            "result": 67472,
            "seed": null
          },
          "sensitive_attributes": []
        }
      ]
    },
    {
      "mode": "managed",
      "type": "random_password",
      "name": "password",
      "provider": "provider[\"registry.terraform.io/hashicorp/random\"]",
      "instances": [
        {
          "schema_version": 3,
          "attributes": {
            "bcrypt_hash": "$2a$10$FbnetTuTX1GXtPD5SkoryOe7PT4k1XuL4N7lrQEp2wcP7cfqQvxF2",
            "id": "none",
            "keepers": null,
            "length": 16,
            "lower": true,
            "min_lower": 0,
            "min_numeric": 0,
            "min_special": 0,
            "min_upper": 0,
            "number": true,
            "numeric": true,
            "override_special": "!#$%\u0026*()-_=+[]{}\u003c\u003e:?",
            "result": "iDd?gCUQh82sY6_B",
            "special": true,
            "upper": true
          },
          "sensitive_attributes": []
        }
      ]
    }
  ],
  "check_results": null
}
